
Microsoft Visual Studio Solution File, Format Version 12.00
# Visual Studio Version 17
VisualStudioVersion = 17.0.31903.59
MinimumVisualStudioVersion = 10.0.40219.1
Project("{2150E333-8FDC-42A3-9474-1A3956D46DE8}") = "src", "src", "{91087D12-0921-4C35-B0AE-C45202DE348A}"
EndProject
Project("{FAE04EC0-301F-11D3-BF4B-00C04F79EFBC}") = "GpoManager.Core", "src\GpoManager.Core\GpoManager.Core.csproj", "{18095B1A-F9C0-4F3F-91AF-658BCE6E59E6}"
EndProject
Project("{FAE04EC0-301F-11D3-BF4B-00C04F79EFBC}") = "GpoManager.Analysis", "src\GpoManager.Analysis\GpoManager.Analysis.csproj", "{D18F00B6-0A02-4720-8B8C-E77C6BE7EB3C}"
EndProject
Project("{2150E333-8FDC-42A3-9474-1A3956D46DE8}") = "tests", "tests", "{B4F5BFE5-EFAD-42FA-97C8-4B04180E2409}"
EndProject
Project("{FAE04EC0-301F-11D3-BF4B-00C04F79EFBC}") = "GpoManager.Analysis.Tests", "tests\GpoManager.Analysis.Tests\GpoManager.Analysis.Tests.csproj", "{2BB7CA77-0FB0-4754-962D-8BBFAD77F9FA}"
EndProject
Project("{FAE04EC0-301F-11D3-BF4B-00C04F79EFBC}") = "GpoManager.Infrastructure", "src\GpoManager.Infrastructure\GpoManager.Infrastructure.csproj", "{FEB818CA-FD1D-456F-B6E7-C79D1ECCD429}"
EndProject
Project("{FAE04EC0-301F-11D3-BF4B-00C04F79EFBC}") = "GpoManager.App", "src\GpoManager.App\GpoManager.App.csproj", "{07A75571-0DC6-48B5-A45C-68717F54AD13}"
EndProject
Global
	GlobalSection(SolutionConfigurationPlatforms) = preSolution
		Debug|Any CPU = Debug|Any CPU
		Release|Any CPU = Release|Any CPU
	EndGlobalSection
	GlobalSection(SolutionProperties) = preSolution
		HideSolutionNode = FALSE
	EndGlobalSection
	GlobalSection(ProjectConfigurationPlatforms) = postSolution
		{18095B1A-F9C0-4F3F-91AF-658BCE6E59E6}.Debug|Any CPU.ActiveCfg = Debug|Any CPU
		{18095B1A-F9C0-4F3F-91AF-658BCE6E59E6}.Debug|Any CPU.Build.0 = Debug|Any CPU
		{18095B1A-F9C0-4F3F-91AF-658BCE6E59E6}.Release|Any CPU.ActiveCfg = Release|Any CPU
		{18095B1A-F9C0-4F3F-91AF-658BCE6E59E6}.Release|Any CPU.Build.0 = Release|Any CPU
		{D18F00B6-0A02-4720-8B8C-E77C6BE7EB3C}.Debug|Any CPU.ActiveCfg = Debug|Any CPU
		{D18F00B6-0A02-4720-8B8C-E77C6BE7EB3C}.Debug|Any CPU.Build.0 = Debug|Any CPU
		{D18F00B6-0A02-4720-8B8C-E77C6BE7EB3C}.Release|Any CPU.ActiveCfg = Release|Any CPU
		{D18F00B6-0A02-4720-8B8C-E77C6BE7EB3C}.Release|Any CPU.Build.0 = Release|Any CPU
		{2BB7CA77-0FB0-4754-962D-8BBFAD77F9FA}.Debug|Any CPU.ActiveCfg = Debug|Any CPU
		{2BB7CA77-0FB0-4754-962D-8BBFAD77F9FA}.Debug|Any CPU.Build.0 = Debug|Any CPU
		{2BB7CA77-0FB0-4754-962D-8BBFAD77F9FA}.Release|Any CPU.ActiveCfg = Release|Any CPU
		{2BB7CA77-0FB0-4754-962D-8BBFAD77F9FA}.Release|Any CPU.Build.0 = Release|Any CPU
		{FEB818CA-FD1D-456F-B6E7-C79D1ECCD429}.Debug|Any CPU.ActiveCfg = Debug|Any CPU
		{FEB818CA-FD1D-456F-B6E7-C79D1ECCD429}.Debug|Any CPU.Build.0 = Debug|Any CPU
		{FEB818CA-FD1D-456F-B6E7-C79D1ECCD429}.Release|Any CPU.ActiveCfg = Release|Any CPU
		{FEB818CA-FD1D-456F-B6E7-C79D1ECCD429}.Release|Any CPU.Build.0 = Release|Any CPU
		{07A75571-0DC6-48B5-A45C-68717F54AD13}.Debug|Any CPU.ActiveCfg = Debug|x64
		{07A75571-0DC6-48B5-A45C-68717F54AD13}.Debug|Any CPU.Build.0 = Debug|x64
		{07A75571-0DC6-48B5-A45C-68717F54AD13}.Release|Any CPU.ActiveCfg = Release|x64
		{07A75571-0DC6-48B5-A45C-68717F54AD13}.Release|Any CPU.Build.0 = Release|x64
	EndGlobalSection
	GlobalSection(NestedProjects) = preSolution
		{18095B1A-F9C0-4F3F-91AF-658BCE6E59E6} = {91087D12-0921-4C35-B0AE-C45202DE348A}
		{D18F00B6-0A02-4720-8B8C-E77C6BE7EB3C} = {91087D12-0921-4C35-B0AE-C45202DE348A}
		{2BB7CA77-0FB0-4754-962D-8BBFAD77F9FA} = {B4F5BFE5-EFAD-42FA-97C8-4B04180E2409}
		{FEB818CA-FD1D-456F-B6E7-C79D1ECCD429} = {91087D12-0921-4C35-B0AE-C45202DE348A}
		{07A75571-0DC6-48B5-A45C-68717F54AD13} = {91087D12-0921-4C35-B0AE-C45202DE348A}
	EndGlobalSection
EndGlobal
